
Microsoft Visual Studio Solution File, Format Version 12.00
# Visual Studio Version 17
VisualStudioVersion = 17.7.34302.85
MinimumVisualStudioVersion = 10.0.40219.1
Project("{FAE04EC0-301F-11D3-BF4B-00C04F79EFBC}") = "Lab4_END", "Lab4_END\Lab4_END.csproj", "{665B23BD-1045-4B61-BC8D-2696A17B132C}"
EndProject
Global
	GlobalSection(SolutionConfigurationPlatforms) = preSolution
		Debug|Any CPU = Debug|Any CPU
		Release|Any CPU = Release|Any CPU
	EndGlobalSection
	GlobalSection(ProjectConfigurationPlatforms) = postSolution
		{665B23BD-1045-4B61-BC8D-2696A17B132C}.Debug|Any CPU.ActiveCfg = Debug|Any CPU
		{665B23BD-1045-4B61-BC8D-2696A17B132C}.Debug|Any CPU.Build.0 = Debug|Any CPU
		{665B23BD-1045-4B61-BC8D-2696A17B132C}.Release|Any CPU.ActiveCfg = Release|Any CPU
		{665B23BD-1045-4B61-BC8D-2696A17B132C}.Release|Any CPU.Build.0 = Release|Any CPU
	EndGlobalSection
	GlobalSection(SolutionProperties) = preSolution
		HideSolutionNode = FALSE
	EndGlobalSection
	GlobalSection(ExtensibilityGlobals) = postSolution
		SolutionGuid = {A24DA2D7-35D2-41E4-B2E5-F912CC11D586}
	EndGlobalSection
EndGlobal
